// !$*UTF8*$!
{
	archiveVersion = 1;
	classes = {
	};
	objectVersion = 56;
	objects = {

/* Begin PBXBuildFile section */
		1E494C4B2C80A23B002F2674 /* ExtensionsHex.swift in Sources */ = {isa = PBXBuildFile; fileRef = 1E494C4A2C80A23B002F2674 /* ExtensionsHex.swift */; };
		1E71108B2C7C830900E2F2ED /* AppDelegate.swift in Sources */ = {isa = PBXBuildFile; fileRef = 1E71108A2C7C830900E2F2ED /* AppDelegate.swift */; };
		1E71108D2C7C830900E2F2ED /* SceneDelegate.swift in Sources */ = {isa = PBXBuildFile; fileRef = 1E71108C2C7C830900E2F2ED /* SceneDelegate.swift */; };
		1E7110942C7C830B00E2F2ED /* Assets.xcassets in Resources */ = {isa = PBXBuildFile; fileRef = 1E7110932C7C830B00E2F2ED /* Assets.xcassets */; };
		1E7110972C7C830B00E2F2ED /* Base in Resources */ = {isa = PBXBuildFile; fileRef = 1E7110962C7C830B00E2F2ED /* Base */; };
		1E71109F2C7C837200E2F2ED /* View.swift in Sources */ = {isa = PBXBuildFile; fileRef = 1E71109E2C7C837200E2F2ED /* View.swift */; };
		1E7110A32C7C83A500E2F2ED /* Interactor.swift in Sources */ = {isa = PBXBuildFile; fileRef = 1E7110A22C7C83A500E2F2ED /* Interactor.swift */; };
		1E7110A52C7C83B100E2F2ED /* Presenter.swift in Sources */ = {isa = PBXBuildFile; fileRef = 1E7110A42C7C83B100E2F2ED /* Presenter.swift */; };
		1E7110A72C7C83BF00E2F2ED /* Entity.swift in Sources */ = {isa = PBXBuildFile; fileRef = 1E7110A62C7C83BF00E2F2ED /* Entity.swift */; };
		1E7110A92C7C83CB00E2F2ED /* Router.swift in Sources */ = {isa = PBXBuildFile; fileRef = 1E7110A82C7C83CB00E2F2ED /* Router.swift */; };
/* End PBXBuildFile section */

/* Begin PBXFileReference section */
		1E494C4A2C80A23B002F2674 /* ExtensionsHex.swift */ = {isa = PBXFileReference; lastKnownFileType = sourcecode.swift; path = ExtensionsHex.swift; sourceTree = "<group>"; };
		1E7110872C7C830900E2F2ED /* CryptoCrazy-VIPER.app */ = {isa = PBXFileReference; explicitFileType = wrapper.application; includeInIndex = 0; path = "CryptoCrazy-VIPER.app"; sourceTree = BUILT_PRODUCTS_DIR; };
		1E71108A2C7C830900E2F2ED /* AppDelegate.swift */ = {isa = PBXFileReference; lastKnownFileType = sourcecode.swift; path = AppDelegate.swift; sourceTree = "<group>"; };
		1E71108C2C7C830900E2F2ED /* SceneDelegate.swift */ = {isa = PBXFileReference; lastKnownFileType = sourcecode.swift; path = SceneDelegate.swift; sourceTree = "<group>"; };
		1E7110932C7C830B00E2F2ED /* Assets.xcassets */ = {isa = PBXFileReference; lastKnownFileType = folder.assetcatalog; path = Assets.xcassets; sourceTree = "<group>"; };
		1E7110962C7C830B00E2F2ED /* Base */ = {isa = PBXFileReference; lastKnownFileType = file.storyboard; name = Base; path = Base.lproj/LaunchScreen.storyboard; sourceTree = "<group>"; };
		1E7110982C7C830B00E2F2ED /* Info.plist */ = {isa = PBXFileReference; lastKnownFileType = text.plist.xml; path = Info.plist; sourceTree = "<group>"; };
		1E71109E2C7C837200E2F2ED /* View.swift */ = {isa = PBXFileReference; lastKnownFileType = sourcecode.swift; path = View.swift; sourceTree = "<group>"; };
		1E7110A22C7C83A500E2F2ED /* Interactor.swift */ = {isa = PBXFileReference; lastKnownFileType = sourcecode.swift; path = Interactor.swift; sourceTree = "<group>"; };
		1E7110A42C7C83B100E2F2ED /* Presenter.swift */ = {isa = PBXFileReference; lastKnownFileType = sourcecode.swift; path = Presenter.swift; sourceTree = "<group>"; };
		1E7110A62C7C83BF00E2F2ED /* Entity.swift */ = {isa = PBXFileReference; lastKnownFileType = sourcecode.swift; path = Entity.swift; sourceTree = "<group>"; };
		1E7110A82C7C83CB00E2F2ED /* Router.swift */ = {isa = PBXFileReference; lastKnownFileType = sourcecode.swift; path = Router.swift; sourceTree = "<group>"; };
/* End PBXFileReference section */

/* Begin PBXFrameworksBuildPhase section */
		1E7110842C7C830900E2F2ED /* Frameworks */ = {
			isa = PBXFrameworksBuildPhase;
			buildActionMask = 2147483647;
			files = (
			);
			runOnlyForDeploymentPostprocessing = 0;
		};
/* End PBXFrameworksBuildPhase section */

/* Begin PBXGroup section */
		1E494C4C2C80B023002F2674 /* Extensions */ = {
			isa = PBXGroup;
			children = (
				1E494C4A2C80A23B002F2674 /* ExtensionsHex.swift */,
			);
			path = Extensions;
			sourceTree = "<group>";
		};
		1E71107E2C7C830900E2F2ED = {
			isa = PBXGroup;
			children = (
				1E7110AA2C7C840E00E2F2ED /* VIPER */,
				1E7110892C7C830900E2F2ED /* CryptoCrazy-VIPER */,
				1E7110882C7C830900E2F2ED /* Products */,
			);
			sourceTree = "<group>";
		};
		1E7110882C7C830900E2F2ED /* Products */ = {
			isa = PBXGroup;
			children = (
				1E7110872C7C830900E2F2ED /* CryptoCrazy-VIPER.app */,
			);
			name = Products;
			sourceTree = "<group>";
		};
		1E7110892C7C830900E2F2ED /* CryptoCrazy-VIPER */ = {
			isa = PBXGroup;
			children = (
				1E71108A2C7C830900E2F2ED /* AppDelegate.swift */,
				1E71108C2C7C830900E2F2ED /* SceneDelegate.swift */,
				1E7110932C7C830B00E2F2ED /* Assets.xcassets */,
				1E7110952C7C830B00E2F2ED /* LaunchScreen.storyboard */,
				1E7110982C7C830B00E2F2ED /* Info.plist */,
			);
			path = "CryptoCrazy-VIPER";
			sourceTree = "<group>";
		};
		1E7110AA2C7C840E00E2F2ED /* VIPER */ = {
			isa = PBXGroup;
			children = (
				1E71109E2C7C837200E2F2ED /* View.swift */,
				1E7110A22C7C83A500E2F2ED /* Interactor.swift */,
				1E7110A42C7C83B100E2F2ED /* Presenter.swift */,
				1E7110A62C7C83BF00E2F2ED /* Entity.swift */,
				1E7110A82C7C83CB00E2F2ED /* Router.swift */,
				1E494C4C2C80B023002F2674 /* Extensions */,
			);
			path = VIPER;
			sourceTree = "<group>";
		};
/* End PBXGroup section */

/* Begin PBXNativeTarget section */
		1E7110862C7C830900E2F2ED /* CryptoCrazy-VIPER */ = {
			isa = PBXNativeTarget;
			buildConfigurationList = 1E71109B2C7C830B00E2F2ED /* Build configuration list for PBXNativeTarget "CryptoCrazy-VIPER" */;
			buildPhases = (
				1E7110832C7C830900E2F2ED /* Sources */,
				1E7110842C7C830900E2F2ED /* Frameworks */,
				1E7110852C7C830900E2F2ED /* Resources */,
			);
			buildRules = (
			);
			dependencies = (
			);
			name = "CryptoCrazy-VIPER";
			productName = "CryptoCrazy-VIPER";
			productReference = 1E7110872C7C830900E2F2ED /* CryptoCrazy-VIPER.app */;
			productType = "com.apple.product-type.application";
		};
/* End PBXNativeTarget section */

/* Begin PBXProject section */
		1E71107F2C7C830900E2F2ED /* Project object */ = {
			isa = PBXProject;
			attributes = {
				BuildIndependentTargetsInParallel = 1;
				LastSwiftUpdateCheck = 1540;
				LastUpgradeCheck = 1540;
				TargetAttributes = {
					1E7110862C7C830900E2F2ED = {
						CreatedOnToolsVersion = 15.4;
					};
				};
			};
			buildConfigurationList = 1E7110822C7C830900E2F2ED /* Build configuration list for PBXProject "CryptoCrazy-VIPER" */;
			compatibilityVersion = "Xcode 14.0";
			developmentRegion = en;
			hasScannedForEncodings = 0;
			knownRegions = (
				en,
				Base,
			);
			mainGroup = 1E71107E2C7C830900E2F2ED;
			productRefGroup = 1E7110882C7C830900E2F2ED /* Products */;
			projectDirPath = "";
			projectRoot = "";
			targets = (
				1E7110862C7C830900E2F2ED /* CryptoCrazy-VIPER */,
			);
		};
/* End PBXProject section */

/* Begin PBXResourcesBuildPhase section */
		1E7110852C7C830900E2F2ED /* Resources */ = {
			isa = PBXResourcesBuildPhase;
			buildActionMask = 2147483647;
			files = (
				1E7110942C7C830B00E2F2ED /* Assets.xcassets in Resources */,
				1E7110972C7C830B00E2F2ED /* Base in Resources */,
			);
			runOnlyForDeploymentPostprocessing = 0;
		};
/* End PBXResourcesBuildPhase section */

/* Begin PBXSourcesBuildPhase section */
		1E7110832C7C830900E2F2ED /* Sources */ = {
			isa = PBXSourcesBuildPhase;
			buildActionMask = 2147483647;
			files = (
				1E7110A92C7C83CB00E2F2ED /* Router.swift in Sources */,
				1E7110A52C7C83B100E2F2ED /* Presenter.swift in Sources */,
				1E71109F2C7C837200E2F2ED /* View.swift in Sources */,
				1E494C4B2C80A23B002F2674 /* ExtensionsHex.swift in Sources */,
				1E7110A72C7C83BF00E2F2ED /* Entity.swift in Sources */,
				1E7110A32C7C83A500E2F2ED /* Interactor.swift in Sources */,
				1E71108B2C7C830900E2F2ED /* AppDelegate.swift in Sources */,
				1E71108D2C7C830900E2F2ED /* SceneDelegate.swift in Sources */,
			);
			runOnlyForDeploymentPostprocessing = 0;
		};
/* End PBXSourcesBuildPhase section */

/* Begin PBXVariantGroup section */
		1E7110952C7C830B00E2F2ED /* LaunchScreen.storyboard */ = {
			isa = PBXVariantGroup;
			children = (
				1E7110962C7C830B00E2F2ED /* Base */,
			);
			name = LaunchScreen.storyboard;
			sourceTree = "<group>";
		};
/* End PBXVariantGroup section */

/* Begin XCBuildConfiguration section */
		1E7110992C7C830B00E2F2ED /* Debug */ = {
			isa = XCBuildConfiguration;
			buildSettings = {
				ALWAYS_SEARCH_USER_PATHS = NO;
				ASSETCATALOG_COMPILER_GENERATE_SWIFT_ASSET_SYMBOL_EXTENSIONS = YES;
				CLANG_ANALYZER_NONNULL = YES;
				CLANG_ANALYZER_NUMBER_OBJECT_CONVERSION = YES_AGGRESSIVE;
				CLANG_CXX_LANGUAGE_STANDARD = "gnu++20";
				CLANG_ENABLE_MODULES = YES;
				CLANG_ENABLE_OBJC_ARC = YES;
				CLANG_ENABLE_OBJC_WEAK = YES;
				CLANG_WARN_BLOCK_CAPTURE_AUTORELEASING = YES;
				CLANG_WARN_BOOL_CONVERSION = YES;
				CLANG_WARN_COMMA = YES;
				CLANG_WARN_CONSTANT_CONVERSION = YES;
				CLANG_WARN_DEPRECATED_OBJC_IMPLEMENTATIONS = YES;
				CLANG_WARN_DIRECT_OBJC_ISA_USAGE = YES_ERROR;
				CLANG_WARN_DOCUMENTATION_COMMENTS = YES;
				CLANG_WARN_EMPTY_BODY = YES;
				CLANG_WARN_ENUM_CONVERSION = YES;
				CLANG_WARN_INFINITE_RECURSION = YES;
				CLANG_WARN_INT_CONVERSION = YES;
				CLANG_WARN_NON_LITERAL_NULL_CONVERSION = YES;
				CLANG_WARN_OBJC_IMPLICIT_RETAIN_SELF = YES;
				CLANG_WARN_OBJC_LITERAL_CONVERSION = YES;
				CLANG_WARN_OBJC_ROOT_CLASS = YES_ERROR;
				CLANG_WARN_QUOTED_INCLUDE_IN_FRAMEWORK_HEADER = YES;
				CLANG_WARN_RANGE_LOOP_ANALYSIS = YES;
				CLANG_WARN_STRICT_PROTOTYPES = YES;
				CLANG_WARN_SUSPICIOUS_MOVE = YES;
				CLANG_WARN_UNGUARDED_AVAILABILITY = YES_AGGRESSIVE;
				CLANG_WARN_UNREACHABLE_CODE = YES;
				CLANG_WARN__DUPLICATE_METHOD_MATCH = YES;
				COPY_PHASE_STRIP = NO;
				DEBUG_INFORMATION_FORMAT = dwarf;
				ENABLE_STRICT_OBJC_MSGSEND = YES;
				ENABLE_TESTABILITY = YES;
				ENABLE_USER_SCRIPT_SANDBOXING = YES;
				GCC_C_LANGUAGE_STANDARD = gnu17;
				GCC_DYNAMIC_NO_PIC = NO;
				GCC_NO_COMMON_BLOCKS = YES;
				GCC_OPTIMIZATION_LEVEL = 0;
				GCC_PREPROCESSOR_DEFINITIONS = (
					"DEBUG=1",
					"$(inherited)",
				);
				GCC_WARN_64_TO_32_BIT_CONVERSION = YES;
				GCC_WARN_ABOUT_RETURN_TYPE = YES_ERROR;
				GCC_WARN_UNDECLARED_SELECTOR = YES;
				GCC_WARN_UNINITIALIZED_AUTOS = YES_AGGRESSIVE;
				GCC_WARN_UNUSED_FUNCTION = YES;
				GCC_WARN_UNUSED_VARIABLE = YES;
				IPHONEOS_DEPLOYMENT_TARGET = 17.5;
				LOCALIZATION_PREFERS_STRING_CATALOGS = YES;
				MTL_ENABLE_DEBUG_INFO = INCLUDE_SOURCE;
				MTL_FAST_MATH = YES;
				ONLY_ACTIVE_ARCH = YES;
				SDKROOT = iphoneos;
				SWIFT_ACTIVE_COMPILATION_CONDITIONS = "DEBUG $(inherited)";
				SWIFT_OPTIMIZATION_LEVEL = "-Onone";
			};
			name = Debug;
		};
		1E71109A2C7C830B00E2F2ED /* Release */ = {
			isa = XCBuildConfiguration;
			buildSettings = {
				ALWAYS_SEARCH_USER_PATHS = NO;
				ASSETCATALOG_COMPILER_GENERATE_SWIFT_ASSET_SYMBOL_EXTENSIONS = YES;
				CLANG_ANALYZER_NONNULL = YES;
				CLANG_ANALYZER_NUMBER_OBJECT_CONVERSION = YES_AGGRESSIVE;
				CLANG_CXX_LANGUAGE_STANDARD = "gnu++20";
				CLANG_ENABLE_MODULES = YES;
				CLANG_ENABLE_OBJC_ARC = YES;
				CLANG_ENABLE_OBJC_WEAK = YES;
				CLANG_WARN_BLOCK_CAPTURE_AUTORELEASING = YES;
				CLANG_WARN_BOOL_CONVERSION = YES;
				CLANG_WARN_COMMA = YES;
				CLANG_WARN_CONSTANT_CONVERSION = YES;
				CLANG_WARN_DEPRECATED_OBJC_IMPLEMENTATIONS = YES;
				CLANG_WARN_DIRECT_OBJC_ISA_USAGE = YES_ERROR;
				CLANG_WARN_DOCUMENTATION_COMMENTS = YES;
				CLANG_WARN_EMPTY_BODY = YES;
				CLANG_WARN_ENUM_CONVERSION = YES;
				CLANG_WARN_INFINITE_RECURSION = YES;
				CLANG_WARN_INT_CONVERSION = YES;
				CLANG_WARN_NON_LITERAL_NULL_CONVERSION = YES;
				CLANG_WARN_OBJC_IMPLICIT_RETAIN_SELF = YES;
				CLANG_WARN_OBJC_LITERAL_CONVERSION = YES;
				CLANG_WARN_OBJC_ROOT_CLASS = YES_ERROR;
				CLANG_WARN_QUOTED_INCLUDE_IN_FRAMEWORK_HEADER = YES;
				CLANG_WARN_RANGE_LOOP_ANALYSIS = YES;
				CLANG_WARN_STRICT_PROTOTYPES = YES;
				CLANG_WARN_SUSPICIOUS_MOVE = YES;
				CLANG_WARN_UNGUARDED_AVAILABILITY = YES_AGGRESSIVE;
				CLANG_WARN_UNREACHABLE_CODE = YES;
				CLANG_WARN__DUPLICATE_METHOD_MATCH = YES;
				COPY_PHASE_STRIP = NO;
				DEBUG_INFORMATION_FORMAT = "dwarf-with-dsym";
				ENABLE_NS_ASSERTIONS = NO;
				ENABLE_STRICT_OBJC_MSGSEND = YES;
				ENABLE_USER_SCRIPT_SANDBOXING = YES;
				GCC_C_LANGUAGE_STANDARD = gnu17;
				GCC_NO_COMMON_BLOCKS = YES;
				GCC_WARN_64_TO_32_BIT_CONVERSION = YES;
				GCC_WARN_ABOUT_RETURN_TYPE = YES_ERROR;
				GCC_WARN_UNDECLARED_SELECTOR = YES;
				GCC_WARN_UNINITIALIZED_AUTOS = YES_AGGRESSIVE;
				GCC_WARN_UNUSED_FUNCTION = YES;
				GCC_WARN_UNUSED_VARIABLE = YES;
				IPHONEOS_DEPLOYMENT_TARGET = 17.5;
				LOCALIZATION_PREFERS_STRING_CATALOGS = YES;
				MTL_ENABLE_DEBUG_INFO = NO;
				MTL_FAST_MATH = YES;
				SDKROOT = iphoneos;
				SWIFT_COMPILATION_MODE = wholemodule;
				VALIDATE_PRODUCT = YES;
			};
			name = Release;
		};
		1E71109C2C7C830B00E2F2ED /* Debug */ = {
			isa = XCBuildConfiguration;
			buildSettings = {
				ASSETCATALOG_COMPILER_APPICON_NAME = AppIcon;
				ASSETCATALOG_COMPILER_GLOBAL_ACCENT_COLOR_NAME = AccentColor;
				CODE_SIGN_STYLE = Automatic;
				CURRENT_PROJECT_VERSION = 1;
				DEVELOPMENT_TEAM = 2A7PW787VZ;
				GENERATE_INFOPLIST_FILE = YES;
				INFOPLIST_FILE = "CryptoCrazy-VIPER/Info.plist";
				INFOPLIST_KEY_UIApplicationSupportsIndirectInputEvents = YES;
				INFOPLIST_KEY_UILaunchStoryboardName = LaunchScreen;
				INFOPLIST_KEY_UISupportedInterfaceOrientations_iPad = "UIInterfaceOrientationPortrait UIInterfaceOrientationPortraitUpsideDown UIInterfaceOrientationLandscapeLeft UIInterfaceOrientationLandscapeRight";
				INFOPLIST_KEY_UISupportedInterfaceOrientations_iPhone = "UIInterfaceOrientationPortrait UIInterfaceOrientationLandscapeLeft UIInterfaceOrientationLandscapeRight";
				LD_RUNPATH_SEARCH_PATHS = (
					"$(inherited)",
					"@executable_path/Frameworks",
				);
				MARKETING_VERSION = 1.0;
				PRODUCT_BUNDLE_IDENTIFIER = "Sabri.CryptoCrazy-VIPER";
				PRODUCT_NAME = "$(TARGET_NAME)";
				SWIFT_EMIT_LOC_STRINGS = YES;
				SWIFT_VERSION = 5.0;
				TARGETED_DEVICE_FAMILY = "1,2";
			};
			name = Debug;
		};
		1E71109D2C7C830B00E2F2ED /* Release */ = {
			isa = XCBuildConfiguration;
			buildSettings = {
				ASSETCATALOG_COMPILER_APPICON_NAME = AppIcon;
				ASSETCATALOG_COMPILER_GLOBAL_ACCENT_COLOR_NAME = AccentColor;
				CODE_SIGN_STYLE = Automatic;
				CURRENT_PROJECT_VERSION = 1;
				DEVELOPMENT_TEAM = 2A7PW787VZ;
				GENERATE_INFOPLIST_FILE = YES;
				INFOPLIST_FILE = "CryptoCrazy-VIPER/Info.plist";
				INFOPLIST_KEY_UIApplicationSupportsIndirectInputEvents = YES;
				INFOPLIST_KEY_UILaunchStoryboardName = LaunchScreen;
				INFOPLIST_KEY_UISupportedInterfaceOrientations_iPad = "UIInterfaceOrientationPortrait UIInterfaceOrientationPortraitUpsideDown UIInterfaceOrientationLandscapeLeft UIInterfaceOrientationLandscapeRight";
				INFOPLIST_KEY_UISupportedInterfaceOrientations_iPhone = "UIInterfaceOrientationPortrait UIInterfaceOrientationLandscapeLeft UIInterfaceOrientationLandscapeRight";
				LD_RUNPATH_SEARCH_PATHS = (
					"$(inherited)",
					"@executable_path/Frameworks",
				);
				MARKETING_VERSION = 1.0;
				PRODUCT_BUNDLE_IDENTIFIER = "Sabri.CryptoCrazy-VIPER";
				PRODUCT_NAME = "$(TARGET_NAME)";
				SWIFT_EMIT_LOC_STRINGS = YES;
				SWIFT_VERSION = 5.0;
				TARGETED_DEVICE_FAMILY = "1,2";
			};
			name = Release;
		};
/* End XCBuildConfiguration section */

/* Begin XCConfigurationList section */
		1E7110822C7C830900E2F2ED /* Build configuration list for PBXProject "CryptoCrazy-VIPER" */ = {
			isa = XCConfigurationList;
			buildConfigurations = (
				1E7110992C7C830B00E2F2ED /* Debug */,
				1E71109A2C7C830B00E2F2ED /* Release */,
			);
			defaultConfigurationIsVisible = 0;
			defaultConfigurationName = Release;
		};
		1E71109B2C7C830B00E2F2ED /* Build configuration list for PBXNativeTarget "CryptoCrazy-VIPER" */ = {
			isa = XCConfigurationList;
			buildConfigurations = (
				1E71109C2C7C830B00E2F2ED /* Debug */,
				1E71109D2C7C830B00E2F2ED /* Release */,
			);
			defaultConfigurationIsVisible = 0;
			defaultConfigurationName = Release;
		};
/* End XCConfigurationList section */
	};
	rootObject = 1E71107F2C7C830900E2F2ED /* Project object */;
}
